
Microsoft Visual Studio Solution File, Format Version 12.00
# Visual Studio 15
VisualStudioVersion = 15.0.28307.136
MinimumVisualStudioVersion = 10.0.40219.1
Project("{FAE04EC0-301F-11D3-BF4B-00C04F79EFBC}") = "ERP_Example_WPF", "ERP_Example_WPF\ERP_Example_WPF.csproj", "{D4D3C53D-A808-473D-AD94-21A8469AE27E}"
EndProject
Global
	GlobalSection(SolutionConfigurationPlatforms) = preSolution
		Debug|Any CPU = Debug|Any CPU
		Release|Any CPU = Release|Any CPU
	EndGlobalSection
	GlobalSection(ProjectConfigurationPlatforms) = postSolution
		{D4D3C53D-A808-473D-AD94-21A8469AE27E}.Debug|Any CPU.ActiveCfg = Debug|Any CPU
		{D4D3C53D-A808-473D-AD94-21A8469AE27E}.Debug|Any CPU.Build.0 = Debug|Any CPU
		{D4D3C53D-A808-473D-AD94-21A8469AE27E}.Release|Any CPU.ActiveCfg = Release|Any CPU
		{D4D3C53D-A808-473D-AD94-21A8469AE27E}.Release|Any CPU.Build.0 = Release|Any CPU
	EndGlobalSection
	GlobalSection(SolutionProperties) = preSolution
		HideSolutionNode = FALSE
	EndGlobalSection
	GlobalSection(ExtensibilityGlobals) = postSolution
		SolutionGuid = {28D96C68-0281-4CA1-8C0A-7221D7099811}
	EndGlobalSection
EndGlobal
